
Microsoft Visual Studio Solution File, Format Version 12.00
# Visual Studio Version 17
VisualStudioVersion = 17.13.35913.81 d17.13
MinimumVisualStudioVersion = 10.0.40219.1
Project("{FAE04EC0-301F-11D3-BF4B-00C04F79EFBC}") = "CyberBot_ST10436124", "CyberBot_ST10436124.csproj", "{50320DC4-F395-4AEB-A595-8718D48AAB7A}"
EndProject
Global
	GlobalSection(SolutionConfigurationPlatforms) = preSolution
		Debug|Any CPU = Debug|Any CPU
		Release|Any CPU = Release|Any CPU
	EndGlobalSection
	GlobalSection(ProjectConfigurationPlatforms) = postSolution
		{50320DC4-F395-4AEB-A595-8718D48AAB7A}.Debug|Any CPU.ActiveCfg = Debug|Any CPU
		{50320DC4-F395-4AEB-A595-8718D48AAB7A}.Debug|Any CPU.Build.0 = Debug|Any CPU
		{50320DC4-F395-4AEB-A595-8718D48AAB7A}.Release|Any CPU.ActiveCfg = Release|Any CPU
		{50320DC4-F395-4AEB-A595-8718D48AAB7A}.Release|Any CPU.Build.0 = Release|Any CPU
	EndGlobalSection
	GlobalSection(SolutionProperties) = preSolution
		HideSolutionNode = FALSE
	EndGlobalSection
	GlobalSection(ExtensibilityGlobals) = postSolution
		SolutionGuid = {2577D666-9F2F-4321-9DD6-F7D444AACE09}
	EndGlobalSection
EndGlobal
